
Microsoft Visual Studio Solution File, Format Version 12.00
# Visual Studio Version 17
VisualStudioVersion = 17.8.34408.163
MinimumVisualStudioVersion = 10.0.40219.1
Project("{FAE04EC0-301F-11D3-BF4B-00C04F79EFBC}") = "LogiActionsRingPlugin", "src\LogiActionsRingPlugin.csproj", "{0268B3E3-1C7F-4B39-B0D2-89EAE5F6F1A7}"
EndProject
Project("{2150E333-8FDC-42A3-9474-1A3956D46DE8}") = "Solution Items", "Solution Items", "{BD08438B-1C4A-4FFA-A856-D5285D570BB8}"
	ProjectSection(SolutionItems) = preProject
		.vscode\launch.json = .vscode\launch.json
		.vscode\tasks.json = .vscode\tasks.json
	EndProjectSection
EndProject
Global
	GlobalSection(SolutionConfigurationPlatforms) = preSolution
		Debug|Any CPU = Debug|Any CPU
		Release|Any CPU = Release|Any CPU
	EndGlobalSection
	GlobalSection(ProjectConfigurationPlatforms) = postSolution
		{0268B3E3-1C7F-4B39-B0D2-89EAE5F6F1A7}.Debug|Any CPU.ActiveCfg = Debug|Any CPU
		{0268B3E3-1C7F-4B39-B0D2-89EAE5F6F1A7}.Debug|Any CPU.Build.0 = Debug|Any CPU
		{0268B3E3-1C7F-4B39-B0D2-89EAE5F6F1A7}.Release|Any CPU.ActiveCfg = Release|Any CPU
		{0268B3E3-1C7F-4B39-B0D2-89EAE5F6F1A7}.Release|Any CPU.Build.0 = Release|Any CPU
	EndGlobalSection
	GlobalSection(SolutionProperties) = preSolution
		HideSolutionNode = FALSE
	EndGlobalSection
	GlobalSection(ExtensibilityGlobals) = postSolution
		SolutionGuid = {FEFCA619-95BD-4271-956B-DE725F068C33}
	EndGlobalSection
EndGlobal
